{
  "originHash" : "fb38bcd72238fdb7044fce5cc133f7fb502de722aa8002ae2ef6e93de39f3a3c",
  "pins" : [
    {
      "identity" : "aepsdk-assurance-ios",
      "kind" : "remoteSourceControl",
      "location" : "https://github.com/adobe/aepsdk-assurance-ios",
      "state" : {
        "revision" : "b8f0cc1aacc64b5ff7ec86460c5df7405b446044",
        "version" : "5.0.3"
      }
    },
    {
      "identity" : "aepsdk-core-ios",
      "kind" : "remoteSourceControl",
      "location" : "https://github.com/adobe/aepsdk-core-ios.git",
      "state" : {
        "revision" : "5dc47fa8aeb661b9083f8b62237311dc758955ba",
        "version" : "5.10.0"
      }
    },
    {
      "identity" : "aepsdk-edge-ios",
      "kind" : "remoteSourceControl",
      "location" : "https://github.com/adobe/aepsdk-edge-ios.git",
      "state" : {
        "revision" : "d0d3e0d74ff8999ab8d6bbd30f921610ee1e6dd1",
        "version" : "5.0.3"
      }
    },
    {
      "identity" : "aepsdk-edgeconsent-ios",
      "kind" : "remoteSourceControl",
      "location" : "https://github.com/adobe/aepsdk-edgeconsent-ios",
      "state" : {
        "revision" : "92d246684e6d216c1e21b0a219a41c0d4c19e0a6",
        "version" : "5.0.2"
      }
    },
    {
      "identity" : "aepsdk-edgeidentity-ios",
      "kind" : "remoteSourceControl",
      "location" : "https://github.com/adobe/aepsdk-edgeidentity-ios.git",
      "state" : {
        "revision" : "58a195da219be3dab74824954e56d09dabaa8085",
        "version" : "5.1.0"
      }
    },
    {
      "identity" : "aepsdk-messaging-ios",
      "kind" : "remoteSourceControl",
      "location" : "https://github.com/adobe/aepsdk-messaging-ios.git",
      "state" : {
        "revision" : "5dad851d309e115a63086c3041e9606cfb540510",
        "version" : "5.14.0"
      }
    },
    {
      "identity" : "aepsdk-optimize-ios",
      "kind" : "remoteSourceControl",
      "location" : "https://github.com/adobe/aepsdk-optimize-ios",
      "state" : {
        "revision" : "5381e43561f31539a5a66ca1833d0a65bcadc546",
        "version" : "5.7.0"
      }
    },
    {
      "identity" : "aepsdk-rulesengine-ios",
      "kind" : "remoteSourceControl",
      "location" : "https://github.com/adobe/aepsdk-rulesengine-ios.git",
      "state" : {
        "revision" : "514d2b3787c545bfa6749ffce5dd3e6f560c9319",
        "version" : "5.0.0"
      }
    }
  ],
  "version" : 3
}
