PODS:
  - ACPCore (2.9.9):
    - AEPCore
    - AEPIdentity
    - AEPLifecycle
    - AEPRulesEngine
    - AEPServices
    - AEPSignal
  - AEPAnalyticsEdge (1.0.0-beta.1):
    - AEPCore
    - AEPEdge
    - AEPServices
  - AEPAssurance (1.1.0):
    - ACPCore (>= 2.9.0)
    - AEPAssurance/xcframeworks (= 1.1.0)
  - AEPAssurance/xcframeworks (1.1.0):
    - ACPCore (>= 2.9.0)
  - AEPCore (3.0.0):
    - AEPRulesEngine (= 1.0.0)
    - AEPServices (= 3.0.0)
  - AEPEdge (1.0.0):
    - AEPCore
  - AEPIdentity (3.0.0):
    - AEPCore (= 3.0.0)
  - AEPLifecycle (3.0.0):
    - AEPCore (= 3.0.0)
  - AEPRulesEngine (1.0.0)
  - AEPSampleExtensionSwift (0.0.1):
    - AEPCore
  - AEPServices (3.0.0)
  - AEPSignal (3.0.0):
    - AEPCore (= 3.0.0)

DEPENDENCIES:
  - ACPCore (from `https://github.com/adobe/aepsdk-compatibility-ios.git`, branch `main`)
  - AEPAnalyticsEdge (from `https://github.com/adobe/aepsdk-analyticsedge-ios`, branch `main`)
  - AEPAssurance
  - AEPCore
  - AEPEdge
  - AEPIdentity
  - AEPLifecycle
  - AEPRulesEngine
  - AEPSampleExtensionSwift (from `https://github.com/adobe/aepsdk-sample-extension-ios.git`, branch `main`)
  - AEPServices
  - AEPSignal

SPEC REPOS:
  https://github.com/CocoaPods/Specs.git:
    - AEPAssurance
    - AEPCore
    - AEPEdge
    - AEPIdentity
    - AEPLifecycle
    - AEPRulesEngine
    - AEPServices
    - AEPSignal

EXTERNAL SOURCES:
  ACPCore:
    :branch: main
    :git: https://github.com/adobe/aepsdk-compatibility-ios.git
  AEPAnalyticsEdge:
    :branch: main
    :git: https://github.com/adobe/aepsdk-analyticsedge-ios
  AEPSampleExtensionSwift:
    :branch: main
    :git: https://github.com/adobe/aepsdk-sample-extension-ios.git

CHECKOUT OPTIONS:
  ACPCore:
    :commit: 9db676f0a42fc19ceba06d56e032c0d13119b031
    :git: https://github.com/adobe/aepsdk-compatibility-ios.git
  AEPAnalyticsEdge:
    :commit: c849ddd205186e2e220af2fb36e69bf95730bd09
    :git: https://github.com/adobe/aepsdk-analyticsedge-ios
  AEPSampleExtensionSwift:
    :commit: a2092b20f2b1d9a513d1112c77852fa7dea3f50f
    :git: https://github.com/adobe/aepsdk-sample-extension-ios.git

SPEC CHECKSUMS:
  ACPCore: 67e4b855bf16cfb6a63024a4ddb73d15c0fd30e5
  AEPAnalyticsEdge: 30d741d10123564c8ac2d527288b695940df8ce7
  AEPAssurance: c9c21b7e57bf993db210766631db2ef3732d4fa4
  AEPCore: 9ced1f1fddcbfd61517461e548e36aee740bf7c8
  AEPEdge: 90ccd6aa9901a79be123ddee03e038f0d1837508
  AEPIdentity: 79c57508bbabc8c2cf7f90e2baed15b03f4e97e6
  AEPLifecycle: ed9b2fca314eb91da83766986bad8cb914555499
  AEPRulesEngine: 8bbc694fce6900cd33b2496c7d4b33ee2eeffc46
  AEPSampleExtensionSwift: ca5f81b588e6cc07f3d7eb99fa9f283e6a42240b
  AEPServices: 21ea64149483fdfbd5f88f546b9f5ad7d4987400
  AEPSignal: b4ac5c8e8c68e8902739426d70c01ed3ce229ac9

PODFILE CHECKSUM: 8238a72af286e8ee70567ae3097c1da7ac7c79e0

COCOAPODS: 1.10.0
