PODS:
  - AEPAssurance (3.0.1):
    - AEPCore (>= 3.1.0)
    - AEPServices (>= 3.1.0)
  - AEPCore (3.7.1):
    - AEPRulesEngine (>= 1.1.0)
    - AEPServices (>= 3.7.1)
  - AEPEdge (1.4.1):
    - AEPCore (>= 3.5.0)
    - AEPEdgeIdentity
  - AEPEdgeConsent (1.0.1):
    - AEPCore (>= 3.5.0)
    - AEPEdge (>= 1.4.0)
  - AEPEdgeIdentity (1.1.0):
    - AEPCore (>= 3.6.0)
  - AEPIdentity (3.7.1):
    - AEPCore (>= 3.7.1)
  - AEPLifecycle (3.7.1):
    - AEPCore (>= 3.7.1)
  - AEPMessaging (1.1.0-beta):
    - AEPCore (>= 3.4.2)
    - AEPEdge (>= 1.1.0)
    - AEPEdgeIdentity (>= 1.0.0)
    - AEPServices (>= 3.4.2)
  - AEPOptimize (1.0.0):
    - AEPCore (>= 3.2.0)
    - AEPEdge (>= 1.2.0)
  - AEPRulesEngine (1.2.0)
  - AEPSampleExtensionSwift (0.0.1):
    - AEPCore (~> 3.0)
  - AEPServices (3.7.1)
  - AEPSignal (3.7.1):
    - AEPCore (>= 3.7.1)
  - AEPUserProfile (3.0.1):
    - AEPCore

DEPENDENCIES:
  - AEPAssurance
  - AEPCore
  - AEPEdge
  - AEPEdgeConsent
  - AEPEdgeIdentity
  - AEPIdentity
  - AEPLifecycle
  - AEPMessaging (from `https://github.com/adobe/aepsdk-messaging-ios.git`, branch `inbound-changes`)
  - AEPOptimize
  - AEPRulesEngine
  - AEPSampleExtensionSwift (from `https://github.com/adobe/aepsdk-sample-extension-ios.git`, branch `main`)
  - AEPServices
  - AEPSignal
  - AEPUserProfile

SPEC REPOS:
  https://github.com/CocoaPods/Specs.git:
    - AEPAssurance
    - AEPCore
    - AEPEdge
    - AEPEdgeConsent
    - AEPEdgeIdentity
    - AEPIdentity
    - AEPLifecycle
    - AEPOptimize
    - AEPRulesEngine
    - AEPServices
    - AEPSignal
    - AEPUserProfile

EXTERNAL SOURCES:
  AEPMessaging:
    :branch: inbound-changes
    :git: https://github.com/adobe/aepsdk-messaging-ios.git
  AEPSampleExtensionSwift:
    :branch: main
    :git: https://github.com/adobe/aepsdk-sample-extension-ios.git

CHECKOUT OPTIONS:
  AEPMessaging:
    :commit: 8d692c304c28b2c9369ac4f0353a6e06e1960cc0
    :git: https://github.com/adobe/aepsdk-messaging-ios.git
  AEPSampleExtensionSwift:
    :commit: 23fe9522505774eb602cbfcc6ef4cb9fc4d9db21
    :git: https://github.com/adobe/aepsdk-sample-extension-ios.git

SPEC CHECKSUMS:
  AEPAssurance: b25880cd4b14f22c61a1dce19807bd0ca0fe9b17
  AEPCore: 412fe933382892ab6c6af958d2f69ebcbca11216
  AEPEdge: 6faf60328f9e5ae7a107fd61f9a968f46ebf2928
  AEPEdgeConsent: a23b35ab331d2aa2013fcef49c9d6b80085d5597
  AEPEdgeIdentity: 47f0c6ecbec5857b2a8cb9b7bf717c2424c6bae0
  AEPIdentity: 7cd5a51d8012aeaeee769e99597db016ad68b0d1
  AEPLifecycle: 94c36a54f7e5466c5274bc822c53eaa410b74888
  AEPMessaging: 446920d238fe0e1db2948d8eb4e159250136f06d
  AEPOptimize: 413690f88cb8ae574153a94081331788ca740a91
  AEPRulesEngine: 71228dfdac24c9ded09be13e3257a7eb22468ccc
  AEPSampleExtensionSwift: 57f8b73affbf831b274257811a2102805c498538
  AEPServices: 7284c30359c789cd16bf366b4ea81094a66d21ab
  AEPSignal: c9b3c239120190fae8e8479d584d54b60af37d99
  AEPUserProfile: 2ddb5ba8e2c22dd8f942992306b050f4be2c2403

PODFILE CHECKSUM: 641bd7ab58ca5a9584378281e240ce21136cd33d

COCOAPODS: 1.11.3
