PODS:
  - AEPAssurance (4.0.0):
    - AEPCore (>= 4.0.0)
    - AEPServices (>= 4.0.0)
  - AEPCore (4.0.0):
    - AEPRulesEngine (>= 4.0.0)
    - AEPServices (>= 4.0.0)
  - AEPIdentity (4.0.0):
    - AEPCore (>= 4.0.0)
  - AEPLifecycle (4.0.0):
    - AEPCore (>= 4.0.0)
  - AEPRulesEngine (4.0.0)
  - AEPServices (4.0.0)
  - AEPSignal (4.0.0):
    - AEPCore (>= 4.0.0)

DEPENDENCIES:
  - AEPAssurance
  - AEPCore
  - AEPIdentity
  - AEPLifecycle
  - AEPSignal

SPEC REPOS:
  https://github.com/CocoaPods/Specs.git:
    - AEPAssurance
    - AEPCore
    - AEPIdentity
    - AEPLifecycle
    - AEPRulesEngine
    - AEPServices
    - AEPSignal

SPEC CHECKSUMS:
  AEPAssurance: 4fa3138ddd7308c1f9923570f4d2b0b8526a916f
  AEPCore: dd7cd69696c768c610e6adc0307032985a381c7e
  AEPIdentity: 45ee1c3717e08ff3ca60930caf4a869d60d7bf08
  AEPLifecycle: 59be1b5381d8ec4939ece43516ea7d2de4aaba65
  AEPRulesEngine: 458450a34922823286ead045a0c2bd8c27e224c6
  AEPServices: ca493988df250d84fda050124ff7549bcc43c65f
  AEPSignal: b2b332adf4d8a9af6a1b57f5dd8c2e1ea6d5c112

PODFILE CHECKSUM: 00bb2cc15b54ee70eca0604a60aa5a61d1179591

COCOAPODS: 1.12.0
