PODS:
  - AEPAssurance (3.0.0):
    - AEPCore (>= 3.1.0)
    - AEPServices (>= 3.1.0)
  - AEPCore (3.2.1):
    - AEPRulesEngine (= 1.0.1)
    - AEPServices (= 3.2.1)
  - AEPIdentity (3.2.1):
    - AEPCore (= 3.2.1)
  - AEPLifecycle (3.2.1):
    - AEPCore (= 3.2.1)
  - AEPRulesEngine (1.0.1)
  - AEPServices (3.2.1)
  - AEPSignal (3.2.1):
    - AEPCore (= 3.2.1)

DEPENDENCIES:
  - AEPAssurance
  - AEPCore
  - AEPIdentity
  - AEPLifecycle
  - AEPRulesEngine
  - AEPServices
  - AEPSignal

SPEC REPOS:
  https://github.com/CocoaPods/Specs.git:
    - AEPAssurance
    - AEPCore
    - AEPIdentity
    - AEPLifecycle
    - AEPRulesEngine
    - AEPServices
    - AEPSignal

SPEC CHECKSUMS:
  AEPAssurance: 18068627111e366a851dc2166239f22b665101bd
  AEPCore: 1c7a38cbd0e31c013bd4ca388a0a1cb03e9e0432
  AEPIdentity: 18039f69f3f28f29321bb792d8d457f56fca7cde
  AEPLifecycle: 4caf755b1a0aab0082078f07bd02205f75a381f6
  AEPRulesEngine: 5075ed294026a12e37bd26fe260f74604d205354
  AEPServices: dd322612b8dda359877d6006c98887267f296e06
  AEPSignal: 3ed4fed12f0400f44fbf3a9af481c3c8b52ad12c

PODFILE CHECKSUM: 5e9a0323b9553851f3bfcbbab5bf653bf6cab330

COCOAPODS: 1.10.1
