// !$*UTF8*$!
{
	archiveVersion = 1;
	classes = {
	};
	objectVersion = 51;
	objects = {

/* Begin PBXBuildFile section */
		218306A72612336900889569 /* ConsentView.swift in Sources */ = {isa = PBXBuildFile; fileRef = 218306A62612336900889569 /* ConsentView.swift */; };
		218306AA26123A3B00889569 /* EdgeIdentityView.swift in Sources */ = {isa = PBXBuildFile; fileRef = 218306A926123A3B00889569 /* EdgeIdentityView.swift */; };
		218306ED26138BBA00889569 /* MenuView.swift in Sources */ = {isa = PBXBuildFile; fileRef = 218306EC26138BBA00889569 /* MenuView.swift */; };
		3FEEA0E12523DBB5007EC317 /* CoreView.swift in Sources */ = {isa = PBXBuildFile; fileRef = 3FEEA0E02523DBB4007EC317 /* CoreView.swift */; };
		3FEEA0E32524DA4A007EC317 /* ButtonStyle.swift in Sources */ = {isa = PBXBuildFile; fileRef = 3FEEA0E22524DA4A007EC317 /* ButtonStyle.swift */; };
		411747AC27ACB1DE0025F55A /* Adobe_Experience_Platform_logo_256px.png in Resources */ = {isa = PBXBuildFile; fileRef = 411747AB27ACB1DE0025F55A /* Adobe_Experience_Platform_logo_256px.png */; };
		782B982124D9BA89009C5902 /* AppDelegate.swift in Sources */ = {isa = PBXBuildFile; fileRef = 782B982024D9BA89009C5902 /* AppDelegate.swift */; };
		782B982324D9BA89009C5902 /* SceneDelegate.swift in Sources */ = {isa = PBXBuildFile; fileRef = 782B982224D9BA89009C5902 /* SceneDelegate.swift */; };
		782B982A24D9BA8C009C5902 /* Assets.xcassets in Resources */ = {isa = PBXBuildFile; fileRef = 782B982924D9BA8C009C5902 /* Assets.xcassets */; };
		782B982D24D9BA8C009C5902 /* LaunchScreen.storyboard in Resources */ = {isa = PBXBuildFile; fileRef = 782B982B24D9BA8C009C5902 /* LaunchScreen.storyboard */; };
		7876121124DC601B001CABB5 /* AssuranceView.swift in Sources */ = {isa = PBXBuildFile; fileRef = 7876121024DC601B001CABB5 /* AssuranceView.swift */; };
		92430A95263B28D7004FBDCC /* MessagingView.swift in Sources */ = {isa = PBXBuildFile; fileRef = 92430A94263B28D7004FBDCC /* MessagingView.swift */; };
		C8B33871281A7FF500D64F14 /* OptimizeView.swift in Sources */ = {isa = PBXBuildFile; fileRef = C8B33870281A7FF500D64F14 /* OptimizeView.swift */; };
		D42BE5C32524569C00782C3C /* EdgeView.swift in Sources */ = {isa = PBXBuildFile; fileRef = D42BE5C22524569C00782C3C /* EdgeView.swift */; };
		D4E2FDB2252554E6001FE22D /* Purchases.swift in Sources */ = {isa = PBXBuildFile; fileRef = D4E2FD8E252554E6001FE22D /* Purchases.swift */; };
		D4E2FDB3252554E6001FE22D /* InStorePurchase.swift in Sources */ = {isa = PBXBuildFile; fileRef = D4E2FD8F252554E6001FE22D /* InStorePurchase.swift */; };
		D4E2FDB6252554E6001FE22D /* SaveForLaters.swift in Sources */ = {isa = PBXBuildFile; fileRef = D4E2FD92252554E6001FE22D /* SaveForLaters.swift */; };
		D4E2FDB9252554E6001FE22D /* ProductListOpens.swift in Sources */ = {isa = PBXBuildFile; fileRef = D4E2FD95252554E6001FE22D /* ProductListOpens.swift */; };
		D4E2FDBA252554E6001FE22D /* Order.swift in Sources */ = {isa = PBXBuildFile; fileRef = D4E2FD96252554E6001FE22D /* Order.swift */; };
		D4E2FDC1252554E6001FE22D /* ProductListRemovals.swift in Sources */ = {isa = PBXBuildFile; fileRef = D4E2FD9D252554E6001FE22D /* ProductListRemovals.swift */; };
		D4E2FDC2252554E6001FE22D /* ProductListItemsItem.swift in Sources */ = {isa = PBXBuildFile; fileRef = D4E2FD9E252554E6001FE22D /* ProductListItemsItem.swift */; };
		D4E2FDC5252554E6001FE22D /* Checkouts.swift in Sources */ = {isa = PBXBuildFile; fileRef = D4E2FDA1252554E6001FE22D /* Checkouts.swift */; };
		D4E2FDC6252554E6001FE22D /* ProductListReopens.swift in Sources */ = {isa = PBXBuildFile; fileRef = D4E2FDA2252554E6001FE22D /* ProductListReopens.swift */; };
		D4E2FDC7252554E6001FE22D /* PaymentsItem.swift in Sources */ = {isa = PBXBuildFile; fileRef = D4E2FDA3252554E6001FE22D /* PaymentsItem.swift */; };
		D4E2FDC9252554E6001FE22D /* ProductViews.swift in Sources */ = {isa = PBXBuildFile; fileRef = D4E2FDA5252554E6001FE22D /* ProductViews.swift */; };
		D4E2FDCD252554E6001FE22D /* CartAbandons.swift in Sources */ = {isa = PBXBuildFile; fileRef = D4E2FDA9252554E6001FE22D /* CartAbandons.swift */; };
		D4E2FDCE252554E6001FE22D /* Commerce.swift in Sources */ = {isa = PBXBuildFile; fileRef = D4E2FDAA252554E6001FE22D /* Commerce.swift */; };
		D4E2FDD0252554E6001FE22D /* MobileSDKCommerceSchema.swift in Sources */ = {isa = PBXBuildFile; fileRef = D4E2FDAC252554E6001FE22D /* MobileSDKCommerceSchema.swift */; };
		D4E2FDD3252554E6001FE22D /* ProductListAdds.swift in Sources */ = {isa = PBXBuildFile; fileRef = D4E2FDAF252554E6001FE22D /* ProductListAdds.swift */; };
		D4E2FDD5252554E6001FE22D /* ProductListViews.swift in Sources */ = {isa = PBXBuildFile; fileRef = D4E2FDB1252554E6001FE22D /* ProductListViews.swift */; };
		E85CDFD29B450F16196D4F79 /* Pods_AEPSampleApp.framework in Frameworks */ = {isa = PBXBuildFile; fileRef = D94C7204C94E9F5D9F472F31 /* Pods_AEPSampleApp.framework */; };
/* End PBXBuildFile section */

/* Begin PBXFileReference section */
		218306A62612336900889569 /* ConsentView.swift */ = {isa = PBXFileReference; lastKnownFileType = sourcecode.swift; path = ConsentView.swift; sourceTree = "<group>"; };
		218306A926123A3B00889569 /* EdgeIdentityView.swift */ = {isa = PBXFileReference; lastKnownFileType = sourcecode.swift; path = EdgeIdentityView.swift; sourceTree = "<group>"; };
		218306EC26138BBA00889569 /* MenuView.swift */ = {isa = PBXFileReference; lastKnownFileType = sourcecode.swift; path = MenuView.swift; sourceTree = "<group>"; };
		30701321116461F390347F6A /* Pods-AEPSampleApp.debug.xcconfig */ = {isa = PBXFileReference; includeInIndex = 1; lastKnownFileType = text.xcconfig; name = "Pods-AEPSampleApp.debug.xcconfig"; path = "Target Support Files/Pods-AEPSampleApp/Pods-AEPSampleApp.debug.xcconfig"; sourceTree = "<group>"; };
		3978EDF8C1A4AFB0B6F07ED8 /* Pods-AEPSampleApp.release.xcconfig */ = {isa = PBXFileReference; includeInIndex = 1; lastKnownFileType = text.xcconfig; name = "Pods-AEPSampleApp.release.xcconfig"; path = "Target Support Files/Pods-AEPSampleApp/Pods-AEPSampleApp.release.xcconfig"; sourceTree = "<group>"; };
		3FEEA0E02523DBB4007EC317 /* CoreView.swift */ = {isa = PBXFileReference; lastKnownFileType = sourcecode.swift; path = CoreView.swift; sourceTree = "<group>"; };
		3FEEA0E22524DA4A007EC317 /* ButtonStyle.swift */ = {isa = PBXFileReference; lastKnownFileType = sourcecode.swift; path = ButtonStyle.swift; sourceTree = "<group>"; };
		411747AB27ACB1DE0025F55A /* Adobe_Experience_Platform_logo_256px.png */ = {isa = PBXFileReference; lastKnownFileType = image.png; name = Adobe_Experience_Platform_logo_256px.png; path = ../../Resources/Icons/Adobe_Experience_Platform_logo_256px.png; sourceTree = "<group>"; };
		782B981D24D9BA89009C5902 /* AEPSampleApp.app */ = {isa = PBXFileReference; explicitFileType = wrapper.application; includeInIndex = 0; path = AEPSampleApp.app; sourceTree = BUILT_PRODUCTS_DIR; };
		782B982024D9BA89009C5902 /* AppDelegate.swift */ = {isa = PBXFileReference; lastKnownFileType = sourcecode.swift; path = AppDelegate.swift; sourceTree = "<group>"; };
		782B982224D9BA89009C5902 /* SceneDelegate.swift */ = {isa = PBXFileReference; lastKnownFileType = sourcecode.swift; path = SceneDelegate.swift; sourceTree = "<group>"; };
		782B982924D9BA8C009C5902 /* Assets.xcassets */ = {isa = PBXFileReference; lastKnownFileType = folder.assetcatalog; path = Assets.xcassets; sourceTree = "<group>"; };
		782B982C24D9BA8C009C5902 /* Base */ = {isa = PBXFileReference; lastKnownFileType = file.storyboard; name = Base; path = Base.lproj/LaunchScreen.storyboard; sourceTree = "<group>"; };
		782B982E24D9BA8C009C5902 /* Info.plist */ = {isa = PBXFileReference; lastKnownFileType = text.plist.xml; path = Info.plist; sourceTree = "<group>"; };
		7876121024DC601B001CABB5 /* AssuranceView.swift */ = {isa = PBXFileReference; lastKnownFileType = sourcecode.swift; path = AssuranceView.swift; sourceTree = "<group>"; };
		92430A90263B2340004FBDCC /* AEPSampleApp.entitlements */ = {isa = PBXFileReference; lastKnownFileType = text.plist.entitlements; path = AEPSampleApp.entitlements; sourceTree = "<group>"; };
		92430A94263B28D7004FBDCC /* MessagingView.swift */ = {isa = PBXFileReference; lastKnownFileType = sourcecode.swift; path = MessagingView.swift; sourceTree = "<group>"; };
		C8B33870281A7FF500D64F14 /* OptimizeView.swift */ = {isa = PBXFileReference; fileEncoding = 4; lastKnownFileType = sourcecode.swift; path = OptimizeView.swift; sourceTree = "<group>"; };
		D42BE5C22524569C00782C3C /* EdgeView.swift */ = {isa = PBXFileReference; lastKnownFileType = sourcecode.swift; path = EdgeView.swift; sourceTree = "<group>"; };
		D4E2FD8E252554E6001FE22D /* Purchases.swift */ = {isa = PBXFileReference; fileEncoding = 4; lastKnownFileType = sourcecode.swift; name = Purchases.swift; path = xdmlib/Purchases.swift; sourceTree = "<group>"; };
		D4E2FD8F252554E6001FE22D /* InStorePurchase.swift */ = {isa = PBXFileReference; fileEncoding = 4; lastKnownFileType = sourcecode.swift; name = InStorePurchase.swift; path = xdmlib/InStorePurchase.swift; sourceTree = "<group>"; };
		D4E2FD92252554E6001FE22D /* SaveForLaters.swift */ = {isa = PBXFileReference; fileEncoding = 4; lastKnownFileType = sourcecode.swift; name = SaveForLaters.swift; path = xdmlib/SaveForLaters.swift; sourceTree = "<group>"; };
		D4E2FD95252554E6001FE22D /* ProductListOpens.swift */ = {isa = PBXFileReference; fileEncoding = 4; lastKnownFileType = sourcecode.swift; name = ProductListOpens.swift; path = xdmlib/ProductListOpens.swift; sourceTree = "<group>"; };
		D4E2FD96252554E6001FE22D /* Order.swift */ = {isa = PBXFileReference; fileEncoding = 4; lastKnownFileType = sourcecode.swift; name = Order.swift; path = xdmlib/Order.swift; sourceTree = "<group>"; };
		D4E2FD9D252554E6001FE22D /* ProductListRemovals.swift */ = {isa = PBXFileReference; fileEncoding = 4; lastKnownFileType = sourcecode.swift; name = ProductListRemovals.swift; path = xdmlib/ProductListRemovals.swift; sourceTree = "<group>"; };
		D4E2FD9E252554E6001FE22D /* ProductListItemsItem.swift */ = {isa = PBXFileReference; fileEncoding = 4; lastKnownFileType = sourcecode.swift; name = ProductListItemsItem.swift; path = xdmlib/ProductListItemsItem.swift; sourceTree = "<group>"; };
		D4E2FDA1252554E6001FE22D /* Checkouts.swift */ = {isa = PBXFileReference; fileEncoding = 4; lastKnownFileType = sourcecode.swift; name = Checkouts.swift; path = xdmlib/Checkouts.swift; sourceTree = "<group>"; };
		D4E2FDA2252554E6001FE22D /* ProductListReopens.swift */ = {isa = PBXFileReference; fileEncoding = 4; lastKnownFileType = sourcecode.swift; name = ProductListReopens.swift; path = xdmlib/ProductListReopens.swift; sourceTree = "<group>"; };
		D4E2FDA3252554E6001FE22D /* PaymentsItem.swift */ = {isa = PBXFileReference; fileEncoding = 4; lastKnownFileType = sourcecode.swift; name = PaymentsItem.swift; path = xdmlib/PaymentsItem.swift; sourceTree = "<group>"; };
		D4E2FDA5252554E6001FE22D /* ProductViews.swift */ = {isa = PBXFileReference; fileEncoding = 4; lastKnownFileType = sourcecode.swift; name = ProductViews.swift; path = xdmlib/ProductViews.swift; sourceTree = "<group>"; };
		D4E2FDA9252554E6001FE22D /* CartAbandons.swift */ = {isa = PBXFileReference; fileEncoding = 4; lastKnownFileType = sourcecode.swift; name = CartAbandons.swift; path = xdmlib/CartAbandons.swift; sourceTree = "<group>"; };
		D4E2FDAA252554E6001FE22D /* Commerce.swift */ = {isa = PBXFileReference; fileEncoding = 4; lastKnownFileType = sourcecode.swift; name = Commerce.swift; path = xdmlib/Commerce.swift; sourceTree = "<group>"; };
		D4E2FDAC252554E6001FE22D /* MobileSDKCommerceSchema.swift */ = {isa = PBXFileReference; fileEncoding = 4; lastKnownFileType = sourcecode.swift; name = MobileSDKCommerceSchema.swift; path = xdmlib/MobileSDKCommerceSchema.swift; sourceTree = "<group>"; };
		D4E2FDAF252554E6001FE22D /* ProductListAdds.swift */ = {isa = PBXFileReference; fileEncoding = 4; lastKnownFileType = sourcecode.swift; name = ProductListAdds.swift; path = xdmlib/ProductListAdds.swift; sourceTree = "<group>"; };
		D4E2FDB1252554E6001FE22D /* ProductListViews.swift */ = {isa = PBXFileReference; fileEncoding = 4; lastKnownFileType = sourcecode.swift; name = ProductListViews.swift; path = xdmlib/ProductListViews.swift; sourceTree = "<group>"; };
		D94C7204C94E9F5D9F472F31 /* Pods_AEPSampleApp.framework */ = {isa = PBXFileReference; explicitFileType = wrapper.framework; includeInIndex = 0; path = Pods_AEPSampleApp.framework; sourceTree = BUILT_PRODUCTS_DIR; };
/* End PBXFileReference section */

/* Begin PBXFrameworksBuildPhase section */
		782B981A24D9BA89009C5902 /* Frameworks */ = {
			isa = PBXFrameworksBuildPhase;
			buildActionMask = 2147483647;
			files = (
				E85CDFD29B450F16196D4F79 /* Pods_AEPSampleApp.framework in Frameworks */,
			);
			runOnlyForDeploymentPostprocessing = 0;
		};
/* End PBXFrameworksBuildPhase section */

/* Begin PBXGroup section */
		782B981424D9BA89009C5902 = {
			isa = PBXGroup;
			children = (
				782B981F24D9BA89009C5902 /* AEPSampleApp */,
				782B981E24D9BA89009C5902 /* Products */,
				BA1914BEDC677F1A6C7BE14E /* Pods */,
				AD49D2DD097EA82A906007CE /* Frameworks */,
			);
			sourceTree = "<group>";
		};
		782B981E24D9BA89009C5902 /* Products */ = {
			isa = PBXGroup;
			children = (
				782B981D24D9BA89009C5902 /* AEPSampleApp.app */,
			);
			name = Products;
			sourceTree = "<group>";
		};
		782B981F24D9BA89009C5902 /* AEPSampleApp */ = {
			isa = PBXGroup;
			children = (
				92430A90263B2340004FBDCC /* AEPSampleApp.entitlements */,
				D4E2FD8D252554D8001FE22D /* xdmlib */,
				782B982024D9BA89009C5902 /* AppDelegate.swift */,
				218306EC26138BBA00889569 /* MenuView.swift */,
				782B982224D9BA89009C5902 /* SceneDelegate.swift */,
				3FEEA0E02523DBB4007EC317 /* CoreView.swift */,
				7876121024DC601B001CABB5 /* AssuranceView.swift */,
				D42BE5C22524569C00782C3C /* EdgeView.swift */,
				218306A62612336900889569 /* ConsentView.swift */,
				218306A926123A3B00889569 /* EdgeIdentityView.swift */,
				3FEEA0E22524DA4A007EC317 /* ButtonStyle.swift */,
				782B982924D9BA8C009C5902 /* Assets.xcassets */,
				782B982B24D9BA8C009C5902 /* LaunchScreen.storyboard */,
				782B982E24D9BA8C009C5902 /* Info.plist */,
				411747AB27ACB1DE0025F55A /* Adobe_Experience_Platform_logo_256px.png */,
				92430A94263B28D7004FBDCC /* MessagingView.swift */,
				C8B33870281A7FF500D64F14 /* OptimizeView.swift */,
			);
			path = AEPSampleApp;
			sourceTree = "<group>";
		};
		AD49D2DD097EA82A906007CE /* Frameworks */ = {
			isa = PBXGroup;
			children = (
				D94C7204C94E9F5D9F472F31 /* Pods_AEPSampleApp.framework */,
			);
			name = Frameworks;
			sourceTree = "<group>";
		};
		BA1914BEDC677F1A6C7BE14E /* Pods */ = {
			isa = PBXGroup;
			children = (
				30701321116461F390347F6A /* Pods-AEPSampleApp.debug.xcconfig */,
				3978EDF8C1A4AFB0B6F07ED8 /* Pods-AEPSampleApp.release.xcconfig */,
			);
			path = Pods;
			sourceTree = "<group>";
		};
		D4E2FD8D252554D8001FE22D /* xdmlib */ = {
			isa = PBXGroup;
			children = (
				D4E2FDA9252554E6001FE22D /* CartAbandons.swift */,
				D4E2FDA1252554E6001FE22D /* Checkouts.swift */,
				D4E2FDAA252554E6001FE22D /* Commerce.swift */,
				D4E2FD8F252554E6001FE22D /* InStorePurchase.swift */,
				D4E2FDAC252554E6001FE22D /* MobileSDKCommerceSchema.swift */,
				D4E2FD96252554E6001FE22D /* Order.swift */,
				D4E2FDA3252554E6001FE22D /* PaymentsItem.swift */,
				D4E2FDAF252554E6001FE22D /* ProductListAdds.swift */,
				D4E2FD9E252554E6001FE22D /* ProductListItemsItem.swift */,
				D4E2FD95252554E6001FE22D /* ProductListOpens.swift */,
				D4E2FD9D252554E6001FE22D /* ProductListRemovals.swift */,
				D4E2FDA2252554E6001FE22D /* ProductListReopens.swift */,
				D4E2FDB1252554E6001FE22D /* ProductListViews.swift */,
				D4E2FDA5252554E6001FE22D /* ProductViews.swift */,
				D4E2FD8E252554E6001FE22D /* Purchases.swift */,
				D4E2FD92252554E6001FE22D /* SaveForLaters.swift */,
			);
			name = xdmlib;
			sourceTree = "<group>";
		};
/* End PBXGroup section */

/* Begin PBXNativeTarget section */
		782B981C24D9BA89009C5902 /* AEPSampleApp */ = {
			isa = PBXNativeTarget;
			buildConfigurationList = 782B984724D9BA8C009C5902 /* Build configuration list for PBXNativeTarget "AEPSampleApp" */;
			buildPhases = (
				40E6C40BBDDC625CCA720C4A /* [CP] Check Pods Manifest.lock */,
				782B981924D9BA89009C5902 /* Sources */,
				782B981A24D9BA89009C5902 /* Frameworks */,
				782B981B24D9BA89009C5902 /* Resources */,
				B806B0D52AE233B98467149D /* [CP] Embed Pods Frameworks */,
			);
			buildRules = (
			);
			dependencies = (
			);
			name = AEPSampleApp;
			productName = AEPSampleApp;
			productReference = 782B981D24D9BA89009C5902 /* AEPSampleApp.app */;
			productType = "com.apple.product-type.application";
		};
/* End PBXNativeTarget section */

/* Begin PBXProject section */
		782B981524D9BA89009C5902 /* Project object */ = {
			isa = PBXProject;
			attributes = {
				LastSwiftUpdateCheck = 1130;
				LastUpgradeCheck = 1130;
				ORGANIZATIONNAME = "Christopher Hoffman";
				TargetAttributes = {
					782B981C24D9BA89009C5902 = {
						CreatedOnToolsVersion = 11.3;
					};
				};
			};
			buildConfigurationList = 782B981824D9BA89009C5902 /* Build configuration list for PBXProject "AEPSampleApp" */;
			compatibilityVersion = "Xcode 9.3";
			developmentRegion = en;
			hasScannedForEncodings = 0;
			knownRegions = (
				en,
				Base,
			);
			mainGroup = 782B981424D9BA89009C5902;
			productRefGroup = 782B981E24D9BA89009C5902 /* Products */;
			projectDirPath = "";
			projectRoot = "";
			targets = (
				782B981C24D9BA89009C5902 /* AEPSampleApp */,
			);
		};
/* End PBXProject section */

/* Begin PBXResourcesBuildPhase section */
		782B981B24D9BA89009C5902 /* Resources */ = {
			isa = PBXResourcesBuildPhase;
			buildActionMask = 2147483647;
			files = (
				411747AC27ACB1DE0025F55A /* Adobe_Experience_Platform_logo_256px.png in Resources */,
				782B982D24D9BA8C009C5902 /* LaunchScreen.storyboard in Resources */,
				782B982A24D9BA8C009C5902 /* Assets.xcassets in Resources */,
			);
			runOnlyForDeploymentPostprocessing = 0;
		};
/* End PBXResourcesBuildPhase section */

/* Begin PBXShellScriptBuildPhase section */
		40E6C40BBDDC625CCA720C4A /* [CP] Check Pods Manifest.lock */ = {
			isa = PBXShellScriptBuildPhase;
			buildActionMask = 2147483647;
			files = (
			);
			inputFileListPaths = (
			);
			inputPaths = (
				"${PODS_PODFILE_DIR_PATH}/Podfile.lock",
				"${PODS_ROOT}/Manifest.lock",
			);
			name = "[CP] Check Pods Manifest.lock";
			outputFileListPaths = (
			);
			outputPaths = (
				"$(DERIVED_FILE_DIR)/Pods-AEPSampleApp-checkManifestLockResult.txt",
			);
			runOnlyForDeploymentPostprocessing = 0;
			shellPath = /bin/sh;
			shellScript = "diff \"${PODS_PODFILE_DIR_PATH}/Podfile.lock\" \"${PODS_ROOT}/Manifest.lock\" > /dev/null\nif [ $? != 0 ] ; then\n    # print error to STDERR\n    echo \"error: The sandbox is not in sync with the Podfile.lock. Run 'pod install' or update your CocoaPods installation.\" >&2\n    exit 1\nfi\n# This output is used by Xcode 'outputs' to avoid re-running this script phase.\necho \"SUCCESS\" > \"${SCRIPT_OUTPUT_FILE_0}\"\n";
			showEnvVarsInLog = 0;
		};
		B806B0D52AE233B98467149D /* [CP] Embed Pods Frameworks */ = {
			isa = PBXShellScriptBuildPhase;
			buildActionMask = 2147483647;
			files = (
			);
			inputFileListPaths = (
				"${PODS_ROOT}/Target Support Files/Pods-AEPSampleApp/Pods-AEPSampleApp-frameworks-${CONFIGURATION}-input-files.xcfilelist",
			);
			name = "[CP] Embed Pods Frameworks";
			outputFileListPaths = (
				"${PODS_ROOT}/Target Support Files/Pods-AEPSampleApp/Pods-AEPSampleApp-frameworks-${CONFIGURATION}-output-files.xcfilelist",
			);
			runOnlyForDeploymentPostprocessing = 0;
			shellPath = /bin/sh;
			shellScript = "\"${PODS_ROOT}/Target Support Files/Pods-AEPSampleApp/Pods-AEPSampleApp-frameworks.sh\"\n";
			showEnvVarsInLog = 0;
		};
/* End PBXShellScriptBuildPhase section */

/* Begin PBXSourcesBuildPhase section */
		782B981924D9BA89009C5902 /* Sources */ = {
			isa = PBXSourcesBuildPhase;
			buildActionMask = 2147483647;
			files = (
				D4E2FDB3252554E6001FE22D /* InStorePurchase.swift in Sources */,
				218306A72612336900889569 /* ConsentView.swift in Sources */,
				218306AA26123A3B00889569 /* EdgeIdentityView.swift in Sources */,
				D4E2FDC6252554E6001FE22D /* ProductListReopens.swift in Sources */,
				D4E2FDB2252554E6001FE22D /* Purchases.swift in Sources */,
				D4E2FDCE252554E6001FE22D /* Commerce.swift in Sources */,
				D4E2FDB6252554E6001FE22D /* SaveForLaters.swift in Sources */,
				C8B33871281A7FF500D64F14 /* OptimizeView.swift in Sources */,
				D4E2FDD5252554E6001FE22D /* ProductListViews.swift in Sources */,
				D4E2FDC2252554E6001FE22D /* ProductListItemsItem.swift in Sources */,
				D4E2FDC9252554E6001FE22D /* ProductViews.swift in Sources */,
				D4E2FDB9252554E6001FE22D /* ProductListOpens.swift in Sources */,
				D4E2FDCD252554E6001FE22D /* CartAbandons.swift in Sources */,
				92430A95263B28D7004FBDCC /* MessagingView.swift in Sources */,
				D4E2FDC5252554E6001FE22D /* Checkouts.swift in Sources */,
				D4E2FDC7252554E6001FE22D /* PaymentsItem.swift in Sources */,
				218306ED26138BBA00889569 /* MenuView.swift in Sources */,
				D4E2FDBA252554E6001FE22D /* Order.swift in Sources */,
				D4E2FDD3252554E6001FE22D /* ProductListAdds.swift in Sources */,
				D4E2FDD0252554E6001FE22D /* MobileSDKCommerceSchema.swift in Sources */,
				D4E2FDC1252554E6001FE22D /* ProductListRemovals.swift in Sources */,
				D42BE5C32524569C00782C3C /* EdgeView.swift in Sources */,
				7876121124DC601B001CABB5 /* AssuranceView.swift in Sources */,
				3FEEA0E32524DA4A007EC317 /* ButtonStyle.swift in Sources */,
				782B982124D9BA89009C5902 /* AppDelegate.swift in Sources */,
				782B982324D9BA89009C5902 /* SceneDelegate.swift in Sources */,
				3FEEA0E12523DBB5007EC317 /* CoreView.swift in Sources */,
			);
			runOnlyForDeploymentPostprocessing = 0;
		};
/* End PBXSourcesBuildPhase section */

/* Begin PBXVariantGroup section */
		782B982B24D9BA8C009C5902 /* LaunchScreen.storyboard */ = {
			isa = PBXVariantGroup;
			children = (
				782B982C24D9BA8C009C5902 /* Base */,
			);
			name = LaunchScreen.storyboard;
			sourceTree = "<group>";
		};
/* End PBXVariantGroup section */

/* Begin XCBuildConfiguration section */
		782B984524D9BA8C009C5902 /* Debug */ = {
			isa = XCBuildConfiguration;
			buildSettings = {
				ALWAYS_SEARCH_USER_PATHS = NO;
				CLANG_ANALYZER_NONNULL = YES;
				CLANG_ANALYZER_NUMBER_OBJECT_CONVERSION = YES_AGGRESSIVE;
				CLANG_CXX_LANGUAGE_STANDARD = "gnu++14";
				CLANG_CXX_LIBRARY = "libc++";
				CLANG_ENABLE_MODULES = YES;
				CLANG_ENABLE_OBJC_ARC = YES;
				CLANG_ENABLE_OBJC_WEAK = YES;
				CLANG_WARN_BLOCK_CAPTURE_AUTORELEASING = YES;
				CLANG_WARN_BOOL_CONVERSION = YES;
				CLANG_WARN_COMMA = YES;
				CLANG_WARN_CONSTANT_CONVERSION = YES;
				CLANG_WARN_DEPRECATED_OBJC_IMPLEMENTATIONS = YES;
				CLANG_WARN_DIRECT_OBJC_ISA_USAGE = YES_ERROR;
				CLANG_WARN_DOCUMENTATION_COMMENTS = YES;
				CLANG_WARN_EMPTY_BODY = YES;
				CLANG_WARN_ENUM_CONVERSION = YES;
				CLANG_WARN_INFINITE_RECURSION = YES;
				CLANG_WARN_INT_CONVERSION = YES;
				CLANG_WARN_NON_LITERAL_NULL_CONVERSION = YES;
				CLANG_WARN_OBJC_IMPLICIT_RETAIN_SELF = YES;
				CLANG_WARN_OBJC_LITERAL_CONVERSION = YES;
				CLANG_WARN_OBJC_ROOT_CLASS = YES_ERROR;
				CLANG_WARN_RANGE_LOOP_ANALYSIS = YES;
				CLANG_WARN_STRICT_PROTOTYPES = YES;
				CLANG_WARN_SUSPICIOUS_MOVE = YES;
				CLANG_WARN_UNGUARDED_AVAILABILITY = YES_AGGRESSIVE;
				CLANG_WARN_UNREACHABLE_CODE = YES;
				CLANG_WARN__DUPLICATE_METHOD_MATCH = YES;
				COPY_PHASE_STRIP = NO;
				DEBUG_INFORMATION_FORMAT = dwarf;
				ENABLE_STRICT_OBJC_MSGSEND = YES;
				ENABLE_TESTABILITY = YES;
				GCC_C_LANGUAGE_STANDARD = gnu11;
				GCC_DYNAMIC_NO_PIC = NO;
				GCC_NO_COMMON_BLOCKS = YES;
				GCC_OPTIMIZATION_LEVEL = 0;
				GCC_PREPROCESSOR_DEFINITIONS = (
					"DEBUG=1",
					"$(inherited)",
				);
				GCC_WARN_64_TO_32_BIT_CONVERSION = YES;
				GCC_WARN_ABOUT_RETURN_TYPE = YES_ERROR;
				GCC_WARN_UNDECLARED_SELECTOR = YES;
				GCC_WARN_UNINITIALIZED_AUTOS = YES_AGGRESSIVE;
				GCC_WARN_UNUSED_FUNCTION = YES;
				GCC_WARN_UNUSED_VARIABLE = YES;
				IPHONEOS_DEPLOYMENT_TARGET = 13.2;
				MTL_ENABLE_DEBUG_INFO = INCLUDE_SOURCE;
				MTL_FAST_MATH = YES;
				ONLY_ACTIVE_ARCH = YES;
				SDKROOT = iphoneos;
				SWIFT_ACTIVE_COMPILATION_CONDITIONS = DEBUG;
				SWIFT_OPTIMIZATION_LEVEL = "-Onone";
			};
			name = Debug;
		};
		782B984624D9BA8C009C5902 /* Release */ = {
			isa = XCBuildConfiguration;
			buildSettings = {
				ALWAYS_SEARCH_USER_PATHS = NO;
				CLANG_ANALYZER_NONNULL = YES;
				CLANG_ANALYZER_NUMBER_OBJECT_CONVERSION = YES_AGGRESSIVE;
				CLANG_CXX_LANGUAGE_STANDARD = "gnu++14";
				CLANG_CXX_LIBRARY = "libc++";
				CLANG_ENABLE_MODULES = YES;
				CLANG_ENABLE_OBJC_ARC = YES;
				CLANG_ENABLE_OBJC_WEAK = YES;
				CLANG_WARN_BLOCK_CAPTURE_AUTORELEASING = YES;
				CLANG_WARN_BOOL_CONVERSION = YES;
				CLANG_WARN_COMMA = YES;
				CLANG_WARN_CONSTANT_CONVERSION = YES;
				CLANG_WARN_DEPRECATED_OBJC_IMPLEMENTATIONS = YES;
				CLANG_WARN_DIRECT_OBJC_ISA_USAGE = YES_ERROR;
				CLANG_WARN_DOCUMENTATION_COMMENTS = YES;
				CLANG_WARN_EMPTY_BODY = YES;
				CLANG_WARN_ENUM_CONVERSION = YES;
				CLANG_WARN_INFINITE_RECURSION = YES;
				CLANG_WARN_INT_CONVERSION = YES;
				CLANG_WARN_NON_LITERAL_NULL_CONVERSION = YES;
				CLANG_WARN_OBJC_IMPLICIT_RETAIN_SELF = YES;
				CLANG_WARN_OBJC_LITERAL_CONVERSION = YES;
				CLANG_WARN_OBJC_ROOT_CLASS = YES_ERROR;
				CLANG_WARN_RANGE_LOOP_ANALYSIS = YES;
				CLANG_WARN_STRICT_PROTOTYPES = YES;
				CLANG_WARN_SUSPICIOUS_MOVE = YES;
				CLANG_WARN_UNGUARDED_AVAILABILITY = YES_AGGRESSIVE;
				CLANG_WARN_UNREACHABLE_CODE = YES;
				CLANG_WARN__DUPLICATE_METHOD_MATCH = YES;
				COPY_PHASE_STRIP = NO;
				DEBUG_INFORMATION_FORMAT = "dwarf-with-dsym";
				ENABLE_NS_ASSERTIONS = NO;
				ENABLE_STRICT_OBJC_MSGSEND = YES;
				GCC_C_LANGUAGE_STANDARD = gnu11;
				GCC_NO_COMMON_BLOCKS = YES;
				GCC_WARN_64_TO_32_BIT_CONVERSION = YES;
				GCC_WARN_ABOUT_RETURN_TYPE = YES_ERROR;
				GCC_WARN_UNDECLARED_SELECTOR = YES;
				GCC_WARN_UNINITIALIZED_AUTOS = YES_AGGRESSIVE;
				GCC_WARN_UNUSED_FUNCTION = YES;
				GCC_WARN_UNUSED_VARIABLE = YES;
				IPHONEOS_DEPLOYMENT_TARGET = 13.2;
				MTL_ENABLE_DEBUG_INFO = NO;
				MTL_FAST_MATH = YES;
				SDKROOT = iphoneos;
				SWIFT_COMPILATION_MODE = wholemodule;
				SWIFT_OPTIMIZATION_LEVEL = "-O";
				VALIDATE_PRODUCT = YES;
			};
			name = Release;
		};
		782B984824D9BA8C009C5902 /* Debug */ = {
			isa = XCBuildConfiguration;
			baseConfigurationReference = 30701321116461F390347F6A /* Pods-AEPSampleApp.debug.xcconfig */;
			buildSettings = {
				ASSETCATALOG_COMPILER_APPICON_NAME = AppIcon;
				CODE_SIGN_ENTITLEMENTS = AEPSampleApp/AEPSampleApp.entitlements;
				CODE_SIGN_STYLE = Automatic;
				DEVELOPMENT_TEAM = "";
				INFOPLIST_FILE = AEPSampleApp/Info.plist;
				IPHONEOS_DEPLOYMENT_TARGET = 13.0;
				LD_RUNPATH_SEARCH_PATHS = (
					"$(inherited)",
					"@executable_path/Frameworks",
				);
				PRODUCT_BUNDLE_IDENTIFIER = com.adobe.AEPSampleApplication;
				PRODUCT_NAME = "$(TARGET_NAME)";
				SWIFT_VERSION = 5.0;
				TARGETED_DEVICE_FAMILY = "1,2";
			};
			name = Debug;
		};
		782B984924D9BA8C009C5902 /* Release */ = {
			isa = XCBuildConfiguration;
			baseConfigurationReference = 3978EDF8C1A4AFB0B6F07ED8 /* Pods-AEPSampleApp.release.xcconfig */;
			buildSettings = {
				ASSETCATALOG_COMPILER_APPICON_NAME = AppIcon;
				CODE_SIGN_ENTITLEMENTS = AEPSampleApp/AEPSampleApp.entitlements;
				CODE_SIGN_STYLE = Automatic;
				DEVELOPMENT_TEAM = "";
				INFOPLIST_FILE = AEPSampleApp/Info.plist;
				IPHONEOS_DEPLOYMENT_TARGET = 13.0;
				LD_RUNPATH_SEARCH_PATHS = (
					"$(inherited)",
					"@executable_path/Frameworks",
				);
				PRODUCT_BUNDLE_IDENTIFIER = com.adobe.AEPSampleApplication;
				PRODUCT_NAME = "$(TARGET_NAME)";
				SWIFT_VERSION = 5.0;
				TARGETED_DEVICE_FAMILY = "1,2";
			};
			name = Release;
		};
/* End XCBuildConfiguration section */

/* Begin XCConfigurationList section */
		782B981824D9BA89009C5902 /* Build configuration list for PBXProject "AEPSampleApp" */ = {
			isa = XCConfigurationList;
			buildConfigurations = (
				782B984524D9BA8C009C5902 /* Debug */,
				782B984624D9BA8C009C5902 /* Release */,
			);
			defaultConfigurationIsVisible = 0;
			defaultConfigurationName = Release;
		};
		782B984724D9BA8C009C5902 /* Build configuration list for PBXNativeTarget "AEPSampleApp" */ = {
			isa = XCConfigurationList;
			buildConfigurations = (
				782B984824D9BA8C009C5902 /* Debug */,
				782B984924D9BA8C009C5902 /* Release */,
			);
			defaultConfigurationIsVisible = 0;
			defaultConfigurationName = Release;
		};
/* End XCConfigurationList section */
	};
	rootObject = 782B981524D9BA89009C5902 /* Project object */;
}
