// !$*UTF8*$!
{
	archiveVersion = 1;
	classes = {
	};
	objectVersion = 51;
	objects = {

/* Begin PBXBuildFile section */
		782B982124D9BA89009C5902 /* AppDelegate.swift in Sources */ = {isa = PBXBuildFile; fileRef = 782B982024D9BA89009C5902 /* AppDelegate.swift */; };
		782B982324D9BA89009C5902 /* SceneDelegate.swift in Sources */ = {isa = PBXBuildFile; fileRef = 782B982224D9BA89009C5902 /* SceneDelegate.swift */; };
		782B982524D9BA89009C5902 /* MainTabBarController.swift in Sources */ = {isa = PBXBuildFile; fileRef = 782B982424D9BA89009C5902 /* MainTabBarController.swift */; };
		782B982A24D9BA8C009C5902 /* Assets.xcassets in Resources */ = {isa = PBXBuildFile; fileRef = 782B982924D9BA8C009C5902 /* Assets.xcassets */; };
		782B982D24D9BA8C009C5902 /* LaunchScreen.storyboard in Resources */ = {isa = PBXBuildFile; fileRef = 782B982B24D9BA8C009C5902 /* LaunchScreen.storyboard */; };
		7876121124DC601B001CABB5 /* GriffonViewController.swift in Sources */ = {isa = PBXBuildFile; fileRef = 7876121024DC601B001CABB5 /* GriffonViewController.swift */; };
		7876121324DC6031001CABB5 /* AnalyticsViewController.swift in Sources */ = {isa = PBXBuildFile; fileRef = 7876121224DC6031001CABB5 /* AnalyticsViewController.swift */; };
		7876121524DC6042001CABB5 /* PlacesViewController.swift in Sources */ = {isa = PBXBuildFile; fileRef = 7876121424DC6042001CABB5 /* PlacesViewController.swift */; };
		7876121724DC6051001CABB5 /* MediaViewController.swift in Sources */ = {isa = PBXBuildFile; fileRef = 7876121624DC6051001CABB5 /* MediaViewController.swift */; };
		7876121924DC6076001CABB5 /* MessagesViewController.swift in Sources */ = {isa = PBXBuildFile; fileRef = 7876121824DC6076001CABB5 /* MessagesViewController.swift */; };
		7876121D24E2FF8E001CABB5 /* testVideo.mp4 in Resources */ = {isa = PBXBuildFile; fileRef = 7876121C24E2FF8E001CABB5 /* testVideo.mp4 */; };
		E2A10BF51831EE0E3E20E75A /* Pods_AEPSampleApp.framework in Frameworks */ = {isa = PBXBuildFile; fileRef = 7FE42E2D85C13BE9E7B790EF /* Pods_AEPSampleApp.framework */; };
/* End PBXBuildFile section */

/* Begin PBXFileReference section */
		0C8E98C2B3C891BEAE9372E3 /* Pods-AEPSampleApp.release.xcconfig */ = {isa = PBXFileReference; includeInIndex = 1; lastKnownFileType = text.xcconfig; name = "Pods-AEPSampleApp.release.xcconfig"; path = "Target Support Files/Pods-AEPSampleApp/Pods-AEPSampleApp.release.xcconfig"; sourceTree = "<group>"; };
		782B981D24D9BA89009C5902 /* AEPSampleApp.app */ = {isa = PBXFileReference; explicitFileType = wrapper.application; includeInIndex = 0; path = AEPSampleApp.app; sourceTree = BUILT_PRODUCTS_DIR; };
		782B982024D9BA89009C5902 /* AppDelegate.swift */ = {isa = PBXFileReference; lastKnownFileType = sourcecode.swift; path = AppDelegate.swift; sourceTree = "<group>"; };
		782B982224D9BA89009C5902 /* SceneDelegate.swift */ = {isa = PBXFileReference; lastKnownFileType = sourcecode.swift; path = SceneDelegate.swift; sourceTree = "<group>"; };
		782B982424D9BA89009C5902 /* MainTabBarController.swift */ = {isa = PBXFileReference; lastKnownFileType = sourcecode.swift; path = MainTabBarController.swift; sourceTree = "<group>"; };
		782B982924D9BA8C009C5902 /* Assets.xcassets */ = {isa = PBXFileReference; lastKnownFileType = folder.assetcatalog; path = Assets.xcassets; sourceTree = "<group>"; };
		782B982C24D9BA8C009C5902 /* Base */ = {isa = PBXFileReference; lastKnownFileType = file.storyboard; name = Base; path = Base.lproj/LaunchScreen.storyboard; sourceTree = "<group>"; };
		782B982E24D9BA8C009C5902 /* Info.plist */ = {isa = PBXFileReference; lastKnownFileType = text.plist.xml; path = Info.plist; sourceTree = "<group>"; };
		7876121024DC601B001CABB5 /* GriffonViewController.swift */ = {isa = PBXFileReference; lastKnownFileType = sourcecode.swift; path = GriffonViewController.swift; sourceTree = "<group>"; };
		7876121224DC6031001CABB5 /* AnalyticsViewController.swift */ = {isa = PBXFileReference; lastKnownFileType = sourcecode.swift; path = AnalyticsViewController.swift; sourceTree = "<group>"; };
		7876121424DC6042001CABB5 /* PlacesViewController.swift */ = {isa = PBXFileReference; lastKnownFileType = sourcecode.swift; path = PlacesViewController.swift; sourceTree = "<group>"; };
		7876121624DC6051001CABB5 /* MediaViewController.swift */ = {isa = PBXFileReference; lastKnownFileType = sourcecode.swift; path = MediaViewController.swift; sourceTree = "<group>"; };
		7876121824DC6076001CABB5 /* MessagesViewController.swift */ = {isa = PBXFileReference; lastKnownFileType = sourcecode.swift; path = MessagesViewController.swift; sourceTree = "<group>"; };
		7876121C24E2FF8E001CABB5 /* testVideo.mp4 */ = {isa = PBXFileReference; lastKnownFileType = file; path = testVideo.mp4; sourceTree = "<group>"; };
		7FE42E2D85C13BE9E7B790EF /* Pods_AEPSampleApp.framework */ = {isa = PBXFileReference; explicitFileType = wrapper.framework; includeInIndex = 0; path = Pods_AEPSampleApp.framework; sourceTree = BUILT_PRODUCTS_DIR; };
		FB83E156154D650BCB0FEB85 /* Pods-AEPSampleApp.debug.xcconfig */ = {isa = PBXFileReference; includeInIndex = 1; lastKnownFileType = text.xcconfig; name = "Pods-AEPSampleApp.debug.xcconfig"; path = "Target Support Files/Pods-AEPSampleApp/Pods-AEPSampleApp.debug.xcconfig"; sourceTree = "<group>"; };
/* End PBXFileReference section */

/* Begin PBXFrameworksBuildPhase section */
		782B981A24D9BA89009C5902 /* Frameworks */ = {
			isa = PBXFrameworksBuildPhase;
			buildActionMask = 2147483647;
			files = (
				E2A10BF51831EE0E3E20E75A /* Pods_AEPSampleApp.framework in Frameworks */,
			);
			runOnlyForDeploymentPostprocessing = 0;
		};
/* End PBXFrameworksBuildPhase section */

/* Begin PBXGroup section */
		782B981424D9BA89009C5902 = {
			isa = PBXGroup;
			children = (
				782B981F24D9BA89009C5902 /* AEPSampleApp */,
				782B981E24D9BA89009C5902 /* Products */,
				BA1914BEDC677F1A6C7BE14E /* Pods */,
				F6091143AB11FA483B31E2B5 /* Frameworks */,
			);
			sourceTree = "<group>";
		};
		782B981E24D9BA89009C5902 /* Products */ = {
			isa = PBXGroup;
			children = (
				782B981D24D9BA89009C5902 /* AEPSampleApp.app */,
			);
			name = Products;
			sourceTree = "<group>";
		};
		782B981F24D9BA89009C5902 /* AEPSampleApp */ = {
			isa = PBXGroup;
			children = (
				782B982024D9BA89009C5902 /* AppDelegate.swift */,
				782B982224D9BA89009C5902 /* SceneDelegate.swift */,
				782B982424D9BA89009C5902 /* MainTabBarController.swift */,
				7876121024DC601B001CABB5 /* GriffonViewController.swift */,
				7876121224DC6031001CABB5 /* AnalyticsViewController.swift */,
				7876121424DC6042001CABB5 /* PlacesViewController.swift */,
				7876121624DC6051001CABB5 /* MediaViewController.swift */,
				7876121824DC6076001CABB5 /* MessagesViewController.swift */,
				782B982924D9BA8C009C5902 /* Assets.xcassets */,
				782B982B24D9BA8C009C5902 /* LaunchScreen.storyboard */,
				782B982E24D9BA8C009C5902 /* Info.plist */,
				7876121C24E2FF8E001CABB5 /* testVideo.mp4 */,
			);
			path = AEPSampleApp;
			sourceTree = "<group>";
		};
		BA1914BEDC677F1A6C7BE14E /* Pods */ = {
			isa = PBXGroup;
			children = (
				FB83E156154D650BCB0FEB85 /* Pods-AEPSampleApp.debug.xcconfig */,
				0C8E98C2B3C891BEAE9372E3 /* Pods-AEPSampleApp.release.xcconfig */,
			);
			path = Pods;
			sourceTree = "<group>";
		};
		F6091143AB11FA483B31E2B5 /* Frameworks */ = {
			isa = PBXGroup;
			children = (
				7FE42E2D85C13BE9E7B790EF /* Pods_AEPSampleApp.framework */,
			);
			name = Frameworks;
			sourceTree = "<group>";
		};
/* End PBXGroup section */

/* Begin PBXNativeTarget section */
		782B981C24D9BA89009C5902 /* AEPSampleApp */ = {
			isa = PBXNativeTarget;
			buildConfigurationList = 782B984724D9BA8C009C5902 /* Build configuration list for PBXNativeTarget "AEPSampleApp" */;
			buildPhases = (
				36E5BFD3F493D41F5B975990 /* [CP] Check Pods Manifest.lock */,
				782B981924D9BA89009C5902 /* Sources */,
				782B981A24D9BA89009C5902 /* Frameworks */,
				782B981B24D9BA89009C5902 /* Resources */,
				A8206D58E7632D9DC8A9F98F /* [CP] Embed Pods Frameworks */,
			);
			buildRules = (
			);
			dependencies = (
			);
			name = AEPSampleApp;
			productName = AEPSampleApp;
			productReference = 782B981D24D9BA89009C5902 /* AEPSampleApp.app */;
			productType = "com.apple.product-type.application";
		};
/* End PBXNativeTarget section */

/* Begin PBXProject section */
		782B981524D9BA89009C5902 /* Project object */ = {
			isa = PBXProject;
			attributes = {
				LastSwiftUpdateCheck = 1130;
				LastUpgradeCheck = 1130;
				ORGANIZATIONNAME = "Christopher Hoffman";
				TargetAttributes = {
					782B981C24D9BA89009C5902 = {
						CreatedOnToolsVersion = 11.3;
					};
				};
			};
			buildConfigurationList = 782B981824D9BA89009C5902 /* Build configuration list for PBXProject "AEPSampleApp" */;
			compatibilityVersion = "Xcode 9.3";
			developmentRegion = en;
			hasScannedForEncodings = 0;
			knownRegions = (
				en,
				Base,
			);
			mainGroup = 782B981424D9BA89009C5902;
			productRefGroup = 782B981E24D9BA89009C5902 /* Products */;
			projectDirPath = "";
			projectRoot = "";
			targets = (
				782B981C24D9BA89009C5902 /* AEPSampleApp */,
			);
		};
/* End PBXProject section */

/* Begin PBXResourcesBuildPhase section */
		782B981B24D9BA89009C5902 /* Resources */ = {
			isa = PBXResourcesBuildPhase;
			buildActionMask = 2147483647;
			files = (
				782B982D24D9BA8C009C5902 /* LaunchScreen.storyboard in Resources */,
				782B982A24D9BA8C009C5902 /* Assets.xcassets in Resources */,
				7876121D24E2FF8E001CABB5 /* testVideo.mp4 in Resources */,
			);
			runOnlyForDeploymentPostprocessing = 0;
		};
/* End PBXResourcesBuildPhase section */

/* Begin PBXShellScriptBuildPhase section */
		36E5BFD3F493D41F5B975990 /* [CP] Check Pods Manifest.lock */ = {
			isa = PBXShellScriptBuildPhase;
			buildActionMask = 2147483647;
			files = (
			);
			inputFileListPaths = (
			);
			inputPaths = (
				"${PODS_PODFILE_DIR_PATH}/Podfile.lock",
				"${PODS_ROOT}/Manifest.lock",
			);
			name = "[CP] Check Pods Manifest.lock";
			outputFileListPaths = (
			);
			outputPaths = (
				"$(DERIVED_FILE_DIR)/Pods-AEPSampleApp-checkManifestLockResult.txt",
			);
			runOnlyForDeploymentPostprocessing = 0;
			shellPath = /bin/sh;
			shellScript = "diff \"${PODS_PODFILE_DIR_PATH}/Podfile.lock\" \"${PODS_ROOT}/Manifest.lock\" > /dev/null\nif [ $? != 0 ] ; then\n    # print error to STDERR\n    echo \"error: The sandbox is not in sync with the Podfile.lock. Run 'pod install' or update your CocoaPods installation.\" >&2\n    exit 1\nfi\n# This output is used by Xcode 'outputs' to avoid re-running this script phase.\necho \"SUCCESS\" > \"${SCRIPT_OUTPUT_FILE_0}\"\n";
			showEnvVarsInLog = 0;
		};
		A8206D58E7632D9DC8A9F98F /* [CP] Embed Pods Frameworks */ = {
			isa = PBXShellScriptBuildPhase;
			buildActionMask = 2147483647;
			files = (
			);
			inputFileListPaths = (
				"${PODS_ROOT}/Target Support Files/Pods-AEPSampleApp/Pods-AEPSampleApp-frameworks-${CONFIGURATION}-input-files.xcfilelist",
			);
			name = "[CP] Embed Pods Frameworks";
			outputFileListPaths = (
				"${PODS_ROOT}/Target Support Files/Pods-AEPSampleApp/Pods-AEPSampleApp-frameworks-${CONFIGURATION}-output-files.xcfilelist",
			);
			runOnlyForDeploymentPostprocessing = 0;
			shellPath = /bin/sh;
			shellScript = "\"${PODS_ROOT}/Target Support Files/Pods-AEPSampleApp/Pods-AEPSampleApp-frameworks.sh\"\n";
			showEnvVarsInLog = 0;
		};
/* End PBXShellScriptBuildPhase section */

/* Begin PBXSourcesBuildPhase section */
		782B981924D9BA89009C5902 /* Sources */ = {
			isa = PBXSourcesBuildPhase;
			buildActionMask = 2147483647;
			files = (
				7876121524DC6042001CABB5 /* PlacesViewController.swift in Sources */,
				7876121724DC6051001CABB5 /* MediaViewController.swift in Sources */,
				7876121124DC601B001CABB5 /* GriffonViewController.swift in Sources */,
				782B982524D9BA89009C5902 /* MainTabBarController.swift in Sources */,
				7876121324DC6031001CABB5 /* AnalyticsViewController.swift in Sources */,
				782B982124D9BA89009C5902 /* AppDelegate.swift in Sources */,
				7876121924DC6076001CABB5 /* MessagesViewController.swift in Sources */,
				782B982324D9BA89009C5902 /* SceneDelegate.swift in Sources */,
			);
			runOnlyForDeploymentPostprocessing = 0;
		};
/* End PBXSourcesBuildPhase section */

/* Begin PBXVariantGroup section */
		782B982B24D9BA8C009C5902 /* LaunchScreen.storyboard */ = {
			isa = PBXVariantGroup;
			children = (
				782B982C24D9BA8C009C5902 /* Base */,
			);
			name = LaunchScreen.storyboard;
			sourceTree = "<group>";
		};
/* End PBXVariantGroup section */

/* Begin XCBuildConfiguration section */
		782B984524D9BA8C009C5902 /* Debug */ = {
			isa = XCBuildConfiguration;
			buildSettings = {
				ALWAYS_SEARCH_USER_PATHS = NO;
				CLANG_ANALYZER_NONNULL = YES;
				CLANG_ANALYZER_NUMBER_OBJECT_CONVERSION = YES_AGGRESSIVE;
				CLANG_CXX_LANGUAGE_STANDARD = "gnu++14";
				CLANG_CXX_LIBRARY = "libc++";
				CLANG_ENABLE_MODULES = YES;
				CLANG_ENABLE_OBJC_ARC = YES;
				CLANG_ENABLE_OBJC_WEAK = YES;
				CLANG_WARN_BLOCK_CAPTURE_AUTORELEASING = YES;
				CLANG_WARN_BOOL_CONVERSION = YES;
				CLANG_WARN_COMMA = YES;
				CLANG_WARN_CONSTANT_CONVERSION = YES;
				CLANG_WARN_DEPRECATED_OBJC_IMPLEMENTATIONS = YES;
				CLANG_WARN_DIRECT_OBJC_ISA_USAGE = YES_ERROR;
				CLANG_WARN_DOCUMENTATION_COMMENTS = YES;
				CLANG_WARN_EMPTY_BODY = YES;
				CLANG_WARN_ENUM_CONVERSION = YES;
				CLANG_WARN_INFINITE_RECURSION = YES;
				CLANG_WARN_INT_CONVERSION = YES;
				CLANG_WARN_NON_LITERAL_NULL_CONVERSION = YES;
				CLANG_WARN_OBJC_IMPLICIT_RETAIN_SELF = YES;
				CLANG_WARN_OBJC_LITERAL_CONVERSION = YES;
				CLANG_WARN_OBJC_ROOT_CLASS = YES_ERROR;
				CLANG_WARN_RANGE_LOOP_ANALYSIS = YES;
				CLANG_WARN_STRICT_PROTOTYPES = YES;
				CLANG_WARN_SUSPICIOUS_MOVE = YES;
				CLANG_WARN_UNGUARDED_AVAILABILITY = YES_AGGRESSIVE;
				CLANG_WARN_UNREACHABLE_CODE = YES;
				CLANG_WARN__DUPLICATE_METHOD_MATCH = YES;
				COPY_PHASE_STRIP = NO;
				DEBUG_INFORMATION_FORMAT = dwarf;
				ENABLE_STRICT_OBJC_MSGSEND = YES;
				ENABLE_TESTABILITY = YES;
				GCC_C_LANGUAGE_STANDARD = gnu11;
				GCC_DYNAMIC_NO_PIC = NO;
				GCC_NO_COMMON_BLOCKS = YES;
				GCC_OPTIMIZATION_LEVEL = 0;
				GCC_PREPROCESSOR_DEFINITIONS = (
					"DEBUG=1",
					"$(inherited)",
				);
				GCC_WARN_64_TO_32_BIT_CONVERSION = YES;
				GCC_WARN_ABOUT_RETURN_TYPE = YES_ERROR;
				GCC_WARN_UNDECLARED_SELECTOR = YES;
				GCC_WARN_UNINITIALIZED_AUTOS = YES_AGGRESSIVE;
				GCC_WARN_UNUSED_FUNCTION = YES;
				GCC_WARN_UNUSED_VARIABLE = YES;
				IPHONEOS_DEPLOYMENT_TARGET = 13.2;
				MTL_ENABLE_DEBUG_INFO = INCLUDE_SOURCE;
				MTL_FAST_MATH = YES;
				ONLY_ACTIVE_ARCH = YES;
				SDKROOT = iphoneos;
				SWIFT_ACTIVE_COMPILATION_CONDITIONS = DEBUG;
				SWIFT_OPTIMIZATION_LEVEL = "-Onone";
			};
			name = Debug;
		};
		782B984624D9BA8C009C5902 /* Release */ = {
			isa = XCBuildConfiguration;
			buildSettings = {
				ALWAYS_SEARCH_USER_PATHS = NO;
				CLANG_ANALYZER_NONNULL = YES;
				CLANG_ANALYZER_NUMBER_OBJECT_CONVERSION = YES_AGGRESSIVE;
				CLANG_CXX_LANGUAGE_STANDARD = "gnu++14";
				CLANG_CXX_LIBRARY = "libc++";
				CLANG_ENABLE_MODULES = YES;
				CLANG_ENABLE_OBJC_ARC = YES;
				CLANG_ENABLE_OBJC_WEAK = YES;
				CLANG_WARN_BLOCK_CAPTURE_AUTORELEASING = YES;
				CLANG_WARN_BOOL_CONVERSION = YES;
				CLANG_WARN_COMMA = YES;
				CLANG_WARN_CONSTANT_CONVERSION = YES;
				CLANG_WARN_DEPRECATED_OBJC_IMPLEMENTATIONS = YES;
				CLANG_WARN_DIRECT_OBJC_ISA_USAGE = YES_ERROR;
				CLANG_WARN_DOCUMENTATION_COMMENTS = YES;
				CLANG_WARN_EMPTY_BODY = YES;
				CLANG_WARN_ENUM_CONVERSION = YES;
				CLANG_WARN_INFINITE_RECURSION = YES;
				CLANG_WARN_INT_CONVERSION = YES;
				CLANG_WARN_NON_LITERAL_NULL_CONVERSION = YES;
				CLANG_WARN_OBJC_IMPLICIT_RETAIN_SELF = YES;
				CLANG_WARN_OBJC_LITERAL_CONVERSION = YES;
				CLANG_WARN_OBJC_ROOT_CLASS = YES_ERROR;
				CLANG_WARN_RANGE_LOOP_ANALYSIS = YES;
				CLANG_WARN_STRICT_PROTOTYPES = YES;
				CLANG_WARN_SUSPICIOUS_MOVE = YES;
				CLANG_WARN_UNGUARDED_AVAILABILITY = YES_AGGRESSIVE;
				CLANG_WARN_UNREACHABLE_CODE = YES;
				CLANG_WARN__DUPLICATE_METHOD_MATCH = YES;
				COPY_PHASE_STRIP = NO;
				DEBUG_INFORMATION_FORMAT = "dwarf-with-dsym";
				ENABLE_NS_ASSERTIONS = NO;
				ENABLE_STRICT_OBJC_MSGSEND = YES;
				GCC_C_LANGUAGE_STANDARD = gnu11;
				GCC_NO_COMMON_BLOCKS = YES;
				GCC_WARN_64_TO_32_BIT_CONVERSION = YES;
				GCC_WARN_ABOUT_RETURN_TYPE = YES_ERROR;
				GCC_WARN_UNDECLARED_SELECTOR = YES;
				GCC_WARN_UNINITIALIZED_AUTOS = YES_AGGRESSIVE;
				GCC_WARN_UNUSED_FUNCTION = YES;
				GCC_WARN_UNUSED_VARIABLE = YES;
				IPHONEOS_DEPLOYMENT_TARGET = 13.2;
				MTL_ENABLE_DEBUG_INFO = NO;
				MTL_FAST_MATH = YES;
				SDKROOT = iphoneos;
				SWIFT_COMPILATION_MODE = wholemodule;
				SWIFT_OPTIMIZATION_LEVEL = "-O";
				VALIDATE_PRODUCT = YES;
			};
			name = Release;
		};
		782B984824D9BA8C009C5902 /* Debug */ = {
			isa = XCBuildConfiguration;
			baseConfigurationReference = FB83E156154D650BCB0FEB85 /* Pods-AEPSampleApp.debug.xcconfig */;
			buildSettings = {
				ASSETCATALOG_COMPILER_APPICON_NAME = AppIcon;
				CODE_SIGN_STYLE = Automatic;
				DEVELOPMENT_TEAM = FKGEE875K4;
				INFOPLIST_FILE = AEPSampleApp/Info.plist;
				LD_RUNPATH_SEARCH_PATHS = (
					"$(inherited)",
					"@executable_path/Frameworks",
				);
				PRODUCT_BUNDLE_IDENTIFIER = com.adobe.AEPSampleApp;
				PRODUCT_NAME = "$(TARGET_NAME)";
				SWIFT_VERSION = 5.0;
				TARGETED_DEVICE_FAMILY = "1,2";
			};
			name = Debug;
		};
		782B984924D9BA8C009C5902 /* Release */ = {
			isa = XCBuildConfiguration;
			baseConfigurationReference = 0C8E98C2B3C891BEAE9372E3 /* Pods-AEPSampleApp.release.xcconfig */;
			buildSettings = {
				ASSETCATALOG_COMPILER_APPICON_NAME = AppIcon;
				CODE_SIGN_STYLE = Automatic;
				DEVELOPMENT_TEAM = FKGEE875K4;
				INFOPLIST_FILE = AEPSampleApp/Info.plist;
				LD_RUNPATH_SEARCH_PATHS = (
					"$(inherited)",
					"@executable_path/Frameworks",
				);
				PRODUCT_BUNDLE_IDENTIFIER = com.adobe.AEPSampleApp;
				PRODUCT_NAME = "$(TARGET_NAME)";
				SWIFT_VERSION = 5.0;
				TARGETED_DEVICE_FAMILY = "1,2";
			};
			name = Release;
		};
/* End XCBuildConfiguration section */

/* Begin XCConfigurationList section */
		782B981824D9BA89009C5902 /* Build configuration list for PBXProject "AEPSampleApp" */ = {
			isa = XCConfigurationList;
			buildConfigurations = (
				782B984524D9BA8C009C5902 /* Debug */,
				782B984624D9BA8C009C5902 /* Release */,
			);
			defaultConfigurationIsVisible = 0;
			defaultConfigurationName = Release;
		};
		782B984724D9BA8C009C5902 /* Build configuration list for PBXNativeTarget "AEPSampleApp" */ = {
			isa = XCConfigurationList;
			buildConfigurations = (
				782B984824D9BA8C009C5902 /* Debug */,
				782B984924D9BA8C009C5902 /* Release */,
			);
			defaultConfigurationIsVisible = 0;
			defaultConfigurationName = Release;
		};
/* End XCConfigurationList section */
	};
	rootObject = 782B981524D9BA89009C5902 /* Project object */;
}
